
Microsoft Visual Studio Solution File, Format Version 12.00
# Visual Studio Version 17
VisualStudioVersion = 17.0.31717.71
MinimumVisualStudioVersion = 10.0.40219.1
Project("{FAE04EC0-301F-11D3-BF4B-00C04F79EFBC}") = "DistroGrubThemes", "DistroGrubThemes.csproj", "{0CCFA519-E529-4AF9-B800-92FC96351EE9}"
EndProject
Global
	GlobalSection(SolutionConfigurationPlatforms) = preSolution
		Debug|Any CPU = Debug|Any CPU
		Release|Any CPU = Release|Any CPU
	EndGlobalSection
	GlobalSection(ProjectConfigurationPlatforms) = postSolution
		{0CCFA519-E529-4AF9-B800-92FC96351EE9}.Debug|Any CPU.ActiveCfg = Debug|Any CPU
		{0CCFA519-E529-4AF9-B800-92FC96351EE9}.Debug|Any CPU.Build.0 = Debug|Any CPU
		{0CCFA519-E529-4AF9-B800-92FC96351EE9}.Release|Any CPU.ActiveCfg = Release|Any CPU
		{0CCFA519-E529-4AF9-B800-92FC96351EE9}.Release|Any CPU.Build.0 = Release|Any CPU
	EndGlobalSection
	GlobalSection(SolutionProperties) = preSolution
		HideSolutionNode = FALSE
	EndGlobalSection
	GlobalSection(ExtensibilityGlobals) = postSolution
		SolutionGuid = {C18C7214-AE56-46A5-8C62-8A5A2B8886D7}
	EndGlobalSection
EndGlobal
